
Microsoft Visual Studio Solution File, Format Version 12.00
# Visual Studio Version 17
VisualStudioVersion = 17.10.35013.160
MinimumVisualStudioVersion = 10.0.40219.1
Project("{FAE04EC0-301F-11D3-BF4B-00C04F79EFBC}") = "RestaurantTableReservationSystem", "RestaurantTableReservationSystem\RestaurantTableReservationSystem.csproj", "{DE1FEBA1-C983-4FF4-AC03-257D514940A1}"
EndProject
Global
	GlobalSection(SolutionConfigurationPlatforms) = preSolution
		Debug|Any CPU = Debug|Any CPU
		Release|Any CPU = Release|Any CPU
	EndGlobalSection
	GlobalSection(ProjectConfigurationPlatforms) = postSolution
		{DE1FEBA1-C983-4FF4-AC03-257D514940A1}.Debug|Any CPU.ActiveCfg = Debug|Any CPU
		{DE1FEBA1-C983-4FF4-AC03-257D514940A1}.Debug|Any CPU.Build.0 = Debug|Any CPU
		{DE1FEBA1-C983-4FF4-AC03-257D514940A1}.Release|Any CPU.ActiveCfg = Release|Any CPU
		{DE1FEBA1-C983-4FF4-AC03-257D514940A1}.Release|Any CPU.Build.0 = Release|Any CPU
	EndGlobalSection
	GlobalSection(SolutionProperties) = preSolution
		HideSolutionNode = FALSE
	EndGlobalSection
	GlobalSection(ExtensibilityGlobals) = postSolution
		SolutionGuid = {E4AE1771-66B6-464C-B80D-F3F71BFBB2A5}
	EndGlobalSection
EndGlobal
